// !$*UTF8*$!
{
	archiveVersion = 1;
	classes = {
	};
	objectVersion = 77;
	objects = {

/* Begin PBXContainerItemProxy section */
			346B26D72F840BB0002EA247 /* PBXContainerItemProxy */ = {
				isa = PBXContainerItemProxy;
				containerPortal = 348831932F6D16E200F3075A /* Project object */;
				proxyType = 1;
				remoteGlobalIDString = 3488319A2F6D16E200F3075A;
				remoteInfo = Voliti;
			};
			9A1B2C3D4E5F600100000001 /* PBXContainerItemProxy */ = {
				isa = PBXContainerItemProxy;
				containerPortal = 348831932F6D16E200F3075A /* Project object */;
				proxyType = 1;
				remoteGlobalIDString = 3488319A2F6D16E200F3075A;
				remoteInfo = Voliti;
			};
/* End PBXContainerItemProxy section */

/* Begin PBXFileReference section */
			346B26D32F840BB0002EA247 /* VolitiTests.xctest */ = {isa = PBXFileReference; explicitFileType = wrapper.cfbundle; includeInIndex = 0; path = VolitiTests.xctest; sourceTree = BUILT_PRODUCTS_DIR; };
			3488319B2F6D16E200F3075A /* Voliti.app */ = {isa = PBXFileReference; explicitFileType = wrapper.application; includeInIndex = 0; path = Voliti.app; sourceTree = BUILT_PRODUCTS_DIR; };
			9A1B2C3D4E5F600100000002 /* VolitiUITests.xctest */ = {isa = PBXFileReference; explicitFileType = wrapper.cfbundle; includeInIndex = 0; path = VolitiUITests.xctest; sourceTree = BUILT_PRODUCTS_DIR; };
/* End PBXFileReference section */

/* Begin PBXFileSystemSynchronizedBuildFileExceptionSet section */
		348831A82F6D16E300F3075A /* Exceptions for "Voliti" folder in "Voliti" target */ = {
			isa = PBXFileSystemSynchronizedBuildFileExceptionSet;
			membershipExceptions = (
				Info.plist,
			);
			target = 3488319A2F6D16E200F3075A /* Voliti */;
		};
/* End PBXFileSystemSynchronizedBuildFileExceptionSet section */

/* Begin PBXFileSystemSynchronizedRootGroup section */
			346B26D42F840BB0002EA247 /* VolitiTests */ = {
				isa = PBXFileSystemSynchronizedRootGroup;
				path = VolitiTests;
				sourceTree = "<group>";
			};
			3488319D2F6D16E200F3075A /* Voliti */ = {
				isa = PBXFileSystemSynchronizedRootGroup;
				exceptions = (
					348831A82F6D16E300F3075A /* Exceptions for "Voliti" folder in "Voliti" target */,
				);
				path = Voliti;
				sourceTree = "<group>";
			};
			9A1B2C3D4E5F600100000003 /* VolitiUITests */ = {
				isa = PBXFileSystemSynchronizedRootGroup;
				path = VolitiUITests;
				sourceTree = "<group>";
			};
/* End PBXFileSystemSynchronizedRootGroup section */

/* Begin PBXFrameworksBuildPhase section */
		346B26D02F840BB0002EA247 /* Frameworks */ = {
			isa = PBXFrameworksBuildPhase;
			buildActionMask = 2147483647;
			files = (
			);
			runOnlyForDeploymentPostprocessing = 0;
		};
			348831982F6D16E200F3075A /* Frameworks */ = {
				isa = PBXFrameworksBuildPhase;
				buildActionMask = 2147483647;
				files = (
				);
				runOnlyForDeploymentPostprocessing = 0;
			};
			9A1B2C3D4E5F600100000004 /* Frameworks */ = {
				isa = PBXFrameworksBuildPhase;
				buildActionMask = 2147483647;
				files = (
				);
				runOnlyForDeploymentPostprocessing = 0;
			};
/* End PBXFrameworksBuildPhase section */

/* Begin PBXGroup section */
		348831922F6D16E200F3075A = {
			isa = PBXGroup;
				children = (
					3488319D2F6D16E200F3075A /* Voliti */,
					346B26D42F840BB0002EA247 /* VolitiTests */,
					9A1B2C3D4E5F600100000003 /* VolitiUITests */,
					3488319C2F6D16E200F3075A /* Products */,
				);
			sourceTree = "<group>";
		};
		3488319C2F6D16E200F3075A /* Products */ = {
			isa = PBXGroup;
				children = (
					3488319B2F6D16E200F3075A /* Voliti.app */,
					346B26D32F840BB0002EA247 /* VolitiTests.xctest */,
					9A1B2C3D4E5F600100000002 /* VolitiUITests.xctest */,
				);
			name = Products;
			sourceTree = "<group>";
		};
/* End PBXGroup section */

/* Begin PBXNativeTarget section */
		346B26D22F840BB0002EA247 /* VolitiTests */ = {
			isa = PBXNativeTarget;
			buildConfigurationList = 346B26D92F840BB0002EA247 /* Build configuration list for PBXNativeTarget "VolitiTests" */;
			buildPhases = (
				346B26CF2F840BB0002EA247 /* Sources */,
				346B26D02F840BB0002EA247 /* Frameworks */,
				346B26D12F840BB0002EA247 /* Resources */,
			);
			buildRules = (
			);
			dependencies = (
				346B26D82F840BB0002EA247 /* PBXTargetDependency */,
			);
			fileSystemSynchronizedGroups = (
				346B26D42F840BB0002EA247 /* VolitiTests */,
			);
			name = VolitiTests;
			packageProductDependencies = (
			);
			productName = VolitiTests;
			productReference = 346B26D32F840BB0002EA247 /* VolitiTests.xctest */;
			productType = "com.apple.product-type.bundle.unit-test";
		};
			3488319A2F6D16E200F3075A /* Voliti */ = {
				isa = PBXNativeTarget;
			buildConfigurationList = 348831A92F6D16E300F3075A /* Build configuration list for PBXNativeTarget "Voliti" */;
			buildPhases = (
				348831972F6D16E200F3075A /* Sources */,
				348831982F6D16E200F3075A /* Frameworks */,
				348831992F6D16E200F3075A /* Resources */,
			);
			buildRules = (
			);
			dependencies = (
			);
			fileSystemSynchronizedGroups = (
				3488319D2F6D16E200F3075A /* Voliti */,
			);
			name = Voliti;
			packageProductDependencies = (
			);
			productName = Voliti;
				productReference = 3488319B2F6D16E200F3075A /* Voliti.app */;
				productType = "com.apple.product-type.application";
			};
			9A1B2C3D4E5F600100000005 /* VolitiUITests */ = {
				isa = PBXNativeTarget;
				buildConfigurationList = 9A1B2C3D4E5F60010000000B /* Build configuration list for PBXNativeTarget "VolitiUITests" */;
				buildPhases = (
					9A1B2C3D4E5F600100000007 /* Sources */,
					9A1B2C3D4E5F600100000004 /* Frameworks */,
					9A1B2C3D4E5F600100000006 /* Resources */,
				);
				buildRules = (
				);
				dependencies = (
					9A1B2C3D4E5F600100000008 /* PBXTargetDependency */,
				);
				fileSystemSynchronizedGroups = (
					9A1B2C3D4E5F600100000003 /* VolitiUITests */,
				);
				name = VolitiUITests;
				packageProductDependencies = (
				);
				productName = VolitiUITests;
				productReference = 9A1B2C3D4E5F600100000002 /* VolitiUITests.xctest */;
				productType = "com.apple.product-type.bundle.ui-testing";
			};
/* End PBXNativeTarget section */

/* Begin PBXProject section */
		348831932F6D16E200F3075A /* Project object */ = {
			isa = PBXProject;
			attributes = {
				BuildIndependentTargetsInParallel = 1;
				LastSwiftUpdateCheck = 2630;
				LastUpgradeCheck = 2630;
				TargetAttributes = {
						346B26D22F840BB0002EA247 = {
							CreatedOnToolsVersion = 26.3;
							TestTargetID = 3488319A2F6D16E200F3075A;
						};
						3488319A2F6D16E200F3075A = {
							CreatedOnToolsVersion = 26.3;
						};
						9A1B2C3D4E5F600100000005 = {
							CreatedOnToolsVersion = 26.3;
							TestTargetID = 3488319A2F6D16E200F3075A;
						};
					};
				};
			buildConfigurationList = 348831962F6D16E200F3075A /* Build configuration list for PBXProject "Voliti" */;
			developmentRegion = en;
			hasScannedForEncodings = 0;
			knownRegions = (
				en,
				Base,
			);
			mainGroup = 348831922F6D16E200F3075A;
			minimizedProjectReferenceProxies = 1;
			preferredProjectObjectVersion = 77;
			productRefGroup = 3488319C2F6D16E200F3075A /* Products */;
			projectDirPath = "";
			projectRoot = "";
				targets = (
					3488319A2F6D16E200F3075A /* Voliti */,
					346B26D22F840BB0002EA247 /* VolitiTests */,
					9A1B2C3D4E5F600100000005 /* VolitiUITests */,
				);
			};
/* End PBXProject section */

/* Begin PBXResourcesBuildPhase section */
		346B26D12F840BB0002EA247 /* Resources */ = {
			isa = PBXResourcesBuildPhase;
			buildActionMask = 2147483647;
			files = (
			);
			runOnlyForDeploymentPostprocessing = 0;
		};
			348831992F6D16E200F3075A /* Resources */ = {
				isa = PBXResourcesBuildPhase;
				buildActionMask = 2147483647;
				files = (
				);
				runOnlyForDeploymentPostprocessing = 0;
			};
			9A1B2C3D4E5F600100000006 /* Resources */ = {
				isa = PBXResourcesBuildPhase;
				buildActionMask = 2147483647;
				files = (
				);
				runOnlyForDeploymentPostprocessing = 0;
			};
/* End PBXResourcesBuildPhase section */

/* Begin PBXSourcesBuildPhase section */
		346B26CF2F840BB0002EA247 /* Sources */ = {
			isa = PBXSourcesBuildPhase;
			buildActionMask = 2147483647;
			files = (
			);
			runOnlyForDeploymentPostprocessing = 0;
		};
			348831972F6D16E200F3075A /* Sources */ = {
				isa = PBXSourcesBuildPhase;
				buildActionMask = 2147483647;
				files = (
				);
				runOnlyForDeploymentPostprocessing = 0;
			};
			9A1B2C3D4E5F600100000007 /* Sources */ = {
				isa = PBXSourcesBuildPhase;
				buildActionMask = 2147483647;
				files = (
				);
				runOnlyForDeploymentPostprocessing = 0;
			};
/* End PBXSourcesBuildPhase section */

/* Begin PBXTargetDependency section */
			346B26D82F840BB0002EA247 /* PBXTargetDependency */ = {
				isa = PBXTargetDependency;
				target = 3488319A2F6D16E200F3075A /* Voliti */;
				targetProxy = 346B26D72F840BB0002EA247 /* PBXContainerItemProxy */;
			};
			9A1B2C3D4E5F600100000008 /* PBXTargetDependency */ = {
				isa = PBXTargetDependency;
				target = 3488319A2F6D16E200F3075A /* Voliti */;
				targetProxy = 9A1B2C3D4E5F600100000001 /* PBXContainerItemProxy */;
			};
/* End PBXTargetDependency section */

/* Begin XCBuildConfiguration section */
			346B26DA2F840BB0002EA247 /* Debug */ = {
				isa = XCBuildConfiguration;
				buildSettings = {
					BUNDLE_LOADER = "$(TEST_HOST)";
					CODE_SIGN_STYLE = Automatic;
					CURRENT_PROJECT_VERSION = 1;
					DEVELOPMENT_TEAM = K4JPZ55NN4;
					GENERATE_INFOPLIST_FILE = YES;
					IPHONEOS_DEPLOYMENT_TARGET = 18.0;
					MARKETING_VERSION = 1.0;
					PRODUCT_BUNDLE_IDENTIFIER = shuhaoyao.VolitiTests;
					PRODUCT_NAME = "$(TARGET_NAME)";
					STRING_CATALOG_GENERATE_SYMBOLS = NO;
					SWIFT_APPROACHABLE_CONCURRENCY = YES;
					SWIFT_EMIT_LOC_STRINGS = NO;
					SWIFT_UPCOMING_FEATURE_MEMBER_IMPORT_VISIBILITY = YES;
					SWIFT_VERSION = 5.0;
					TARGETED_DEVICE_FAMILY = "1,2";
					TEST_HOST = "$(BUILT_PRODUCTS_DIR)/Voliti.app/$(BUNDLE_EXECUTABLE_FOLDER_PATH)/Voliti";
				};
				name = Debug;
			};
			346B26DB2F840BB0002EA247 /* Release */ = {
				isa = XCBuildConfiguration;
				buildSettings = {
					BUNDLE_LOADER = "$(TEST_HOST)";
					CODE_SIGN_STYLE = Automatic;
					CURRENT_PROJECT_VERSION = 1;
					DEVELOPMENT_TEAM = K4JPZ55NN4;
					GENERATE_INFOPLIST_FILE = YES;
					IPHONEOS_DEPLOYMENT_TARGET = 18.0;
					MARKETING_VERSION = 1.0;
					PRODUCT_BUNDLE_IDENTIFIER = shuhaoyao.VolitiTests;
					PRODUCT_NAME = "$(TARGET_NAME)";
					STRING_CATALOG_GENERATE_SYMBOLS = NO;
					SWIFT_APPROACHABLE_CONCURRENCY = YES;
					SWIFT_EMIT_LOC_STRINGS = NO;
					SWIFT_UPCOMING_FEATURE_MEMBER_IMPORT_VISIBILITY = YES;
					SWIFT_VERSION = 5.0;
					TARGETED_DEVICE_FAMILY = "1,2";
					TEST_HOST = "$(BUILT_PRODUCTS_DIR)/Voliti.app/$(BUNDLE_EXECUTABLE_FOLDER_PATH)/Voliti";
				};
				name = Release;
			};
			348831AA2F6D16E300F3075A /* Debug */ = {
				isa = XCBuildConfiguration;
				buildSettings = {
					ASSETCATALOG_COMPILER_APPICON_NAME = AppIcon;
					ASSETCATALOG_COMPILER_GLOBAL_ACCENT_COLOR_NAME = AccentColor;
					CODE_SIGN_ENTITLEMENTS = Voliti/Voliti.entitlements;
					CODE_SIGN_STYLE = Automatic;
					CURRENT_PROJECT_VERSION = 1;
					DEVELOPMENT_TEAM = K4JPZ55NN4;
					ENABLE_PREVIEWS = YES;
					GENERATE_INFOPLIST_FILE = YES;
					INFOPLIST_FILE = Voliti/Info.plist;
					INFOPLIST_KEY_UIApplicationSceneManifest_Generation = YES;
					INFOPLIST_KEY_UIApplicationSupportsIndirectInputEvents = YES;
					INFOPLIST_KEY_UILaunchScreen_Generation = YES;
					INFOPLIST_KEY_UISupportedInterfaceOrientations_iPad = "UIInterfaceOrientationPortrait UIInterfaceOrientationPortraitUpsideDown UIInterfaceOrientationLandscapeLeft UIInterfaceOrientationLandscapeRight";
					INFOPLIST_KEY_UISupportedInterfaceOrientations_iPhone = "UIInterfaceOrientationPortrait UIInterfaceOrientationLandscapeLeft UIInterfaceOrientationLandscapeRight";
					LD_RUNPATH_SEARCH_PATHS = (
						"$(inherited)",
						"@executable_path/Frameworks",
					);
					MARKETING_VERSION = 1.0;
					PRODUCT_BUNDLE_IDENTIFIER = shuhaoyao.Voliti;
					PRODUCT_NAME = "$(TARGET_NAME)";
					STRING_CATALOG_GENERATE_SYMBOLS = YES;
					SWIFT_APPROACHABLE_CONCURRENCY = YES;
					SWIFT_DEFAULT_ACTOR_ISOLATION = MainActor;
					SWIFT_EMIT_LOC_STRINGS = YES;
					SWIFT_UPCOMING_FEATURE_MEMBER_IMPORT_VISIBILITY = YES;
					SWIFT_VERSION = 5.0;
					TARGETED_DEVICE_FAMILY = "1,2";
				};
				name = Debug;
			};
			348831AB2F6D16E300F3075A /* Release */ = {
				isa = XCBuildConfiguration;
				buildSettings = {
					ASSETCATALOG_COMPILER_APPICON_NAME = AppIcon;
					ASSETCATALOG_COMPILER_GLOBAL_ACCENT_COLOR_NAME = AccentColor;
					CODE_SIGN_ENTITLEMENTS = Voliti/Voliti.entitlements;
					CODE_SIGN_STYLE = Automatic;
					CURRENT_PROJECT_VERSION = 1;
					DEVELOPMENT_TEAM = K4JPZ55NN4;
					ENABLE_PREVIEWS = YES;
					GENERATE_INFOPLIST_FILE = YES;
					INFOPLIST_FILE = Voliti/Info.plist;
					INFOPLIST_KEY_UIApplicationSceneManifest_Generation = YES;
					INFOPLIST_KEY_UIApplicationSupportsIndirectInputEvents = YES;
					INFOPLIST_KEY_UILaunchScreen_Generation = YES;
					INFOPLIST_KEY_UISupportedInterfaceOrientations_iPad = "UIInterfaceOrientationPortrait UIInterfaceOrientationPortraitUpsideDown UIInterfaceOrientationLandscapeLeft UIInterfaceOrientationLandscapeRight";
					INFOPLIST_KEY_UISupportedInterfaceOrientations_iPhone = "UIInterfaceOrientationPortrait UIInterfaceOrientationLandscapeLeft UIInterfaceOrientationLandscapeRight";
					LD_RUNPATH_SEARCH_PATHS = (
						"$(inherited)",
						"@executable_path/Frameworks",
					);
					MARKETING_VERSION = 1.0;
					PRODUCT_BUNDLE_IDENTIFIER = shuhaoyao.Voliti;
					PRODUCT_NAME = "$(TARGET_NAME)";
					STRING_CATALOG_GENERATE_SYMBOLS = YES;
					SWIFT_APPROACHABLE_CONCURRENCY = YES;
					SWIFT_DEFAULT_ACTOR_ISOLATION = MainActor;
					SWIFT_EMIT_LOC_STRINGS = YES;
					SWIFT_UPCOMING_FEATURE_MEMBER_IMPORT_VISIBILITY = YES;
					SWIFT_VERSION = 5.0;
					TARGETED_DEVICE_FAMILY = "1,2";
				};
				name = Release;
			};
			348831AC2F6D16E300F3075A /* Debug */ = {
				isa = XCBuildConfiguration;
				buildSettings = {
					ALWAYS_SEARCH_USER_PATHS = NO;
					ASSETCATALOG_COMPILER_GENERATE_SWIFT_ASSET_SYMBOL_EXTENSIONS = YES;
					CLANG_ANALYZER_NONNULL = YES;
					CLANG_ANALYZER_NUMBER_OBJECT_CONVERSION = YES_AGGRESSIVE;
					CLANG_CXX_LANGUAGE_STANDARD = "gnu++20";
					CLANG_ENABLE_MODULES = YES;
					CLANG_ENABLE_OBJC_ARC = YES;
					CLANG_ENABLE_OBJC_WEAK = YES;
					CLANG_WARN_BLOCK_CAPTURE_AUTORELEASING = YES;
					CLANG_WARN_BOOL_CONVERSION = YES;
					CLANG_WARN_COMMA = YES;
					CLANG_WARN_CONSTANT_CONVERSION = YES;
					CLANG_WARN_DEPRECATED_OBJC_IMPLEMENTATIONS = YES;
					CLANG_WARN_DIRECT_OBJC_ISA_USAGE = YES_ERROR;
					CLANG_WARN_DOCUMENTATION_COMMENTS = YES;
					CLANG_WARN_EMPTY_BODY = YES;
					CLANG_WARN_ENUM_CONVERSION = YES;
					CLANG_WARN_INFINITE_RECURSION = YES;
					CLANG_WARN_INT_CONVERSION = YES;
					CLANG_WARN_NON_LITERAL_NULL_CONVERSION = YES;
					CLANG_WARN_OBJC_IMPLICIT_RETAIN_SELF = YES;
					CLANG_WARN_OBJC_LITERAL_CONVERSION = YES;
					CLANG_WARN_OBJC_ROOT_CLASS = YES_ERROR;
					CLANG_WARN_QUOTED_INCLUDE_IN_FRAMEWORK_HEADER = YES;
					CLANG_WARN_RANGE_LOOP_ANALYSIS = YES;
					CLANG_WARN_STRICT_PROTOTYPES = YES;
					CLANG_WARN_SUSPICIOUS_MOVE = YES;
					CLANG_WARN_UNGUARDED_AVAILABILITY = YES_AGGRESSIVE;
					CLANG_WARN_UNREACHABLE_CODE = YES;
					CLANG_WARN__DUPLICATE_METHOD_MATCH = YES;
					COPY_PHASE_STRIP = NO;
					DEBUG_INFORMATION_FORMAT = dwarf;
					DEVELOPMENT_TEAM = K4JPZ55NN4;
					ENABLE_STRICT_OBJC_MSGSEND = YES;
					ENABLE_TESTABILITY = YES;
					ENABLE_USER_SCRIPT_SANDBOXING = YES;
					GCC_C_LANGUAGE_STANDARD = gnu17;
					GCC_DYNAMIC_NO_PIC = NO;
					GCC_NO_COMMON_BLOCKS = YES;
					GCC_OPTIMIZATION_LEVEL = 0;
					GCC_PREPROCESSOR_DEFINITIONS = (
						"DEBUG=1",
						"$(inherited)",
					);
					GCC_WARN_64_TO_32_BIT_CONVERSION = YES;
					GCC_WARN_ABOUT_RETURN_TYPE = YES_ERROR;
					GCC_WARN_UNDECLARED_SELECTOR = YES;
					GCC_WARN_UNINITIALIZED_AUTOS = YES_AGGRESSIVE;
					GCC_WARN_UNUSED_FUNCTION = YES;
					GCC_WARN_UNUSED_VARIABLE = YES;
					IPHONEOS_DEPLOYMENT_TARGET = 18.0;
					LOCALIZATION_PREFERS_STRING_CATALOGS = YES;
					MTL_ENABLE_DEBUG_INFO = INCLUDE_SOURCE;
					MTL_FAST_MATH = YES;
					ONLY_ACTIVE_ARCH = YES;
					SDKROOT = iphoneos;
					SWIFT_ACTIVE_COMPILATION_CONDITIONS = "DEBUG $(inherited)";
					SWIFT_OPTIMIZATION_LEVEL = "-Onone";
				};
				name = Debug;
			};
			348831AD2F6D16E300F3075A /* Release */ = {
				isa = XCBuildConfiguration;
				buildSettings = {
					ALWAYS_SEARCH_USER_PATHS = NO;
					ASSETCATALOG_COMPILER_GENERATE_SWIFT_ASSET_SYMBOL_EXTENSIONS = YES;
					CLANG_ANALYZER_NONNULL = YES;
					CLANG_ANALYZER_NUMBER_OBJECT_CONVERSION = YES_AGGRESSIVE;
					CLANG_CXX_LANGUAGE_STANDARD = "gnu++20";
					CLANG_ENABLE_MODULES = YES;
					CLANG_ENABLE_OBJC_ARC = YES;
					CLANG_ENABLE_OBJC_WEAK = YES;
					CLANG_WARN_BLOCK_CAPTURE_AUTORELEASING = YES;
					CLANG_WARN_BOOL_CONVERSION = YES;
					CLANG_WARN_COMMA = YES;
					CLANG_WARN_CONSTANT_CONVERSION = YES;
					CLANG_WARN_DEPRECATED_OBJC_IMPLEMENTATIONS = YES;
					CLANG_WARN_DIRECT_OBJC_ISA_USAGE = YES_ERROR;
					CLANG_WARN_DOCUMENTATION_COMMENTS = YES;
					CLANG_WARN_EMPTY_BODY = YES;
					CLANG_WARN_ENUM_CONVERSION = YES;
					CLANG_WARN_INFINITE_RECURSION = YES;
					CLANG_WARN_INT_CONVERSION = YES;
					CLANG_WARN_NON_LITERAL_NULL_CONVERSION = YES;
					CLANG_WARN_OBJC_IMPLICIT_RETAIN_SELF = YES;
					CLANG_WARN_OBJC_LITERAL_CONVERSION = YES;
					CLANG_WARN_OBJC_ROOT_CLASS = YES_ERROR;
					CLANG_WARN_QUOTED_INCLUDE_IN_FRAMEWORK_HEADER = YES;
					CLANG_WARN_RANGE_LOOP_ANALYSIS = YES;
					CLANG_WARN_STRICT_PROTOTYPES = YES;
					CLANG_WARN_SUSPICIOUS_MOVE = YES;
					CLANG_WARN_UNGUARDED_AVAILABILITY = YES_AGGRESSIVE;
					CLANG_WARN_UNREACHABLE_CODE = YES;
					CLANG_WARN__DUPLICATE_METHOD_MATCH = YES;
					COPY_PHASE_STRIP = NO;
					DEBUG_INFORMATION_FORMAT = "dwarf-with-dsym";
					DEVELOPMENT_TEAM = K4JPZ55NN4;
					ENABLE_NS_ASSERTIONS = NO;
					ENABLE_STRICT_OBJC_MSGSEND = YES;
					ENABLE_USER_SCRIPT_SANDBOXING = YES;
					GCC_C_LANGUAGE_STANDARD = gnu17;
					GCC_NO_COMMON_BLOCKS = YES;
					GCC_WARN_64_TO_32_BIT_CONVERSION = YES;
					GCC_WARN_ABOUT_RETURN_TYPE = YES_ERROR;
					GCC_WARN_UNDECLARED_SELECTOR = YES;
					GCC_WARN_UNINITIALIZED_AUTOS = YES_AGGRESSIVE;
					GCC_WARN_UNUSED_FUNCTION = YES;
					GCC_WARN_UNUSED_VARIABLE = YES;
					IPHONEOS_DEPLOYMENT_TARGET = 18.0;
					LOCALIZATION_PREFERS_STRING_CATALOGS = YES;
					MTL_ENABLE_DEBUG_INFO = NO;
					MTL_FAST_MATH = YES;
					SDKROOT = iphoneos;
					SWIFT_COMPILATION_MODE = wholemodule;
					VALIDATE_PRODUCT = YES;
				};
				name = Release;
			};
			9A1B2C3D4E5F600100000009 /* Debug */ = {
				isa = XCBuildConfiguration;
				buildSettings = {
					CODE_SIGN_STYLE = Automatic;
					CURRENT_PROJECT_VERSION = 1;
					DEVELOPMENT_TEAM = K4JPZ55NN4;
					GENERATE_INFOPLIST_FILE = YES;
					IPHONEOS_DEPLOYMENT_TARGET = 18.0;
					MARKETING_VERSION = 1.0;
					PRODUCT_BUNDLE_IDENTIFIER = shuhaoyao.VolitiUITests;
					PRODUCT_NAME = "$(TARGET_NAME)";
					STRING_CATALOG_GENERATE_SYMBOLS = NO;
					SWIFT_APPROACHABLE_CONCURRENCY = YES;
					SWIFT_EMIT_LOC_STRINGS = NO;
					SWIFT_UPCOMING_FEATURE_MEMBER_IMPORT_VISIBILITY = YES;
					SWIFT_VERSION = 5.0;
					TARGETED_DEVICE_FAMILY = "1,2";
					TEST_TARGET_NAME = Voliti;
				};
				name = Debug;
			};
			9A1B2C3D4E5F60010000000A /* Release */ = {
				isa = XCBuildConfiguration;
				buildSettings = {
					CODE_SIGN_STYLE = Automatic;
					CURRENT_PROJECT_VERSION = 1;
					DEVELOPMENT_TEAM = K4JPZ55NN4;
					GENERATE_INFOPLIST_FILE = YES;
					IPHONEOS_DEPLOYMENT_TARGET = 18.0;
					MARKETING_VERSION = 1.0;
					PRODUCT_BUNDLE_IDENTIFIER = shuhaoyao.VolitiUITests;
					PRODUCT_NAME = "$(TARGET_NAME)";
					STRING_CATALOG_GENERATE_SYMBOLS = NO;
					SWIFT_APPROACHABLE_CONCURRENCY = YES;
					SWIFT_EMIT_LOC_STRINGS = NO;
					SWIFT_UPCOMING_FEATURE_MEMBER_IMPORT_VISIBILITY = YES;
					SWIFT_VERSION = 5.0;
					TARGETED_DEVICE_FAMILY = "1,2";
					TEST_TARGET_NAME = Voliti;
				};
				name = Release;
			};
/* End XCBuildConfiguration section */

/* Begin XCConfigurationList section */
			346B26D92F840BB0002EA247 /* Build configuration list for PBXNativeTarget "VolitiTests" */ = {
				isa = XCConfigurationList;
				buildConfigurations = (
					346B26DA2F840BB0002EA247 /* Debug */,
					346B26DB2F840BB0002EA247 /* Release */,
				);
				defaultConfigurationIsVisible = 0;
				defaultConfigurationName = Release;
			};
			348831962F6D16E200F3075A /* Build configuration list for PBXProject "Voliti" */ = {
				isa = XCConfigurationList;
				buildConfigurations = (
					348831AC2F6D16E300F3075A /* Debug */,
					348831AD2F6D16E300F3075A /* Release */,
				);
				defaultConfigurationIsVisible = 0;
				defaultConfigurationName = Release;
			};
			348831A92F6D16E300F3075A /* Build configuration list for PBXNativeTarget "Voliti" */ = {
				isa = XCConfigurationList;
				buildConfigurations = (
					348831AA2F6D16E300F3075A /* Debug */,
					348831AB2F6D16E300F3075A /* Release */,
				);
				defaultConfigurationIsVisible = 0;
				defaultConfigurationName = Release;
			};
			9A1B2C3D4E5F60010000000B /* Build configuration list for PBXNativeTarget "VolitiUITests" */ = {
				isa = XCConfigurationList;
				buildConfigurations = (
					9A1B2C3D4E5F600100000009 /* Debug */,
					9A1B2C3D4E5F60010000000A /* Release */,
				);
				defaultConfigurationIsVisible = 0;
				defaultConfigurationName = Release;
			};
/* End XCConfigurationList section */
	};
	rootObject = 348831932F6D16E200F3075A /* Project object */;
}
